
Microsoft Visual Studio Solution File, Format Version 12.00
# Visual Studio Version 17
VisualStudioVersion = 17.0.31903.59
MinimumVisualStudioVersion = 10.0.40219.1
Project("{2150E333-8FDC-42A3-9474-1A3956D46DE8}") = "Solution Items", "Solution Items", "{8EC462FD-D22E-90A8-E5CE-7E832BA40C5D}"
	ProjectSection(SolutionItems) = preProject
		.dockerignore = .dockerignore
		.editorconfig = .editorconfig
		.gitattributes = .gitattributes
		.gitignore = .gitignore
	EndProjectSection
EndProject
Project("{FAE04EC0-301F-11D3-BF4B-00C04F79EFBC}") = "UrlShortener.ApiGateway", "UrlShortener.ApiGateway\UrlShortener.ApiGateway.csproj", "{CF1EE1DF-E92D-41B0-92A3-A50FDFBAA675}"
EndProject
Project("{FAE04EC0-301F-11D3-BF4B-00C04F79EFBC}") = "UrlShortener.Shared", "UrlShortener.Shared\UrlShortener.Shared.csproj", "{5433BD18-1287-ACC4-C81C-E03BE22D072B}"
EndProject
Project("{FAE04EC0-301F-11D3-BF4B-00C04F79EFBC}") = "UrlShortener.Infrastructure", "UrlShortener.Infrastructure\UrlShortener.Infrastructure.csproj", "{3F462512-F3B0-4E49-850C-365D6C504380}"
EndProject
Project("{FAE04EC0-301F-11D3-BF4B-00C04F79EFBC}") = "UrlShortener.UrlShortenerService", "UrlShortener.UrlShortenerService\UrlShortener.UrlShortenerService.csproj", "{A240F821-56C0-E2A6-4E90-ABD402287DE8}"
EndProject
Project("{FAE04EC0-301F-11D3-BF4B-00C04F79EFBC}") = "UrlShortener.AnalyticsService", "UrlShortener.AnalyticsService\UrlShortener.AnalyticsService.csproj", "{4BD5BAB7-8F91-4FD0-B7DC-BA8F08A905F4}"
EndProject
Global
	GlobalSection(SolutionConfigurationPlatforms) = preSolution
		Debug|Any CPU = Debug|Any CPU
		Debug|x64 = Debug|x64
		Debug|x86 = Debug|x86
		Release|Any CPU = Release|Any CPU
		Release|x64 = Release|x64
		Release|x86 = Release|x86
	EndGlobalSection
	GlobalSection(ProjectConfigurationPlatforms) = postSolution
		{CF1EE1DF-E92D-41B0-92A3-A50FDFBAA675}.Debug|Any CPU.ActiveCfg = Debug|Any CPU
		{CF1EE1DF-E92D-41B0-92A3-A50FDFBAA675}.Debug|Any CPU.Build.0 = Debug|Any CPU
		{CF1EE1DF-E92D-41B0-92A3-A50FDFBAA675}.Debug|x64.ActiveCfg = Debug|Any CPU
		{CF1EE1DF-E92D-41B0-92A3-A50FDFBAA675}.Debug|x64.Build.0 = Debug|Any CPU
		{CF1EE1DF-E92D-41B0-92A3-A50FDFBAA675}.Debug|x86.ActiveCfg = Debug|Any CPU
		{CF1EE1DF-E92D-41B0-92A3-A50FDFBAA675}.Debug|x86.Build.0 = Debug|Any CPU
		{CF1EE1DF-E92D-41B0-92A3-A50FDFBAA675}.Release|Any CPU.ActiveCfg = Release|Any CPU
		{CF1EE1DF-E92D-41B0-92A3-A50FDFBAA675}.Release|Any CPU.Build.0 = Release|Any CPU
		{CF1EE1DF-E92D-41B0-92A3-A50FDFBAA675}.Release|x64.ActiveCfg = Release|Any CPU
		{CF1EE1DF-E92D-41B0-92A3-A50FDFBAA675}.Release|x64.Build.0 = Release|Any CPU
		{CF1EE1DF-E92D-41B0-92A3-A50FDFBAA675}.Release|x86.ActiveCfg = Release|Any CPU
		{CF1EE1DF-E92D-41B0-92A3-A50FDFBAA675}.Release|x86.Build.0 = Release|Any CPU
		{5433BD18-1287-ACC4-C81C-E03BE22D072B}.Debug|Any CPU.ActiveCfg = Debug|Any CPU
		{5433BD18-1287-ACC4-C81C-E03BE22D072B}.Debug|Any CPU.Build.0 = Debug|Any CPU
		{5433BD18-1287-ACC4-C81C-E03BE22D072B}.Debug|x64.ActiveCfg = Debug|Any CPU
		{5433BD18-1287-ACC4-C81C-E03BE22D072B}.Debug|x64.Build.0 = Debug|Any CPU
		{5433BD18-1287-ACC4-C81C-E03BE22D072B}.Debug|x86.ActiveCfg = Debug|Any CPU
		{5433BD18-1287-ACC4-C81C-E03BE22D072B}.Debug|x86.Build.0 = Debug|Any CPU
		{5433BD18-1287-ACC4-C81C-E03BE22D072B}.Release|Any CPU.ActiveCfg = Release|Any CPU
		{5433BD18-1287-ACC4-C81C-E03BE22D072B}.Release|Any CPU.Build.0 = Release|Any CPU
		{5433BD18-1287-ACC4-C81C-E03BE22D072B}.Release|x64.ActiveCfg = Release|Any CPU
		{5433BD18-1287-ACC4-C81C-E03BE22D072B}.Release|x64.Build.0 = Release|Any CPU
		{5433BD18-1287-ACC4-C81C-E03BE22D072B}.Release|x86.ActiveCfg = Release|Any CPU
		{5433BD18-1287-ACC4-C81C-E03BE22D072B}.Release|x86.Build.0 = Release|Any CPU
		{3F462512-F3B0-4E49-850C-365D6C504380}.Debug|Any CPU.ActiveCfg = Debug|Any CPU
		{3F462512-F3B0-4E49-850C-365D6C504380}.Debug|Any CPU.Build.0 = Debug|Any CPU
		{3F462512-F3B0-4E49-850C-365D6C504380}.Debug|x64.ActiveCfg = Debug|Any CPU
		{3F462512-F3B0-4E49-850C-365D6C504380}.Debug|x64.Build.0 = Debug|Any CPU
		{3F462512-F3B0-4E49-850C-365D6C504380}.Debug|x86.ActiveCfg = Debug|Any CPU
		{3F462512-F3B0-4E49-850C-365D6C504380}.Debug|x86.Build.0 = Debug|Any CPU
		{3F462512-F3B0-4E49-850C-365D6C504380}.Release|Any CPU.ActiveCfg = Release|Any CPU
		{3F462512-F3B0-4E49-850C-365D6C504380}.Release|Any CPU.Build.0 = Release|Any CPU
		{3F462512-F3B0-4E49-850C-365D6C504380}.Release|x64.ActiveCfg = Release|Any CPU
		{3F462512-F3B0-4E49-850C-365D6C504380}.Release|x64.Build.0 = Release|Any CPU
		{3F462512-F3B0-4E49-850C-365D6C504380}.Release|x86.ActiveCfg = Release|Any CPU
		{3F462512-F3B0-4E49-850C-365D6C504380}.Release|x86.Build.0 = Release|Any CPU
		{A240F821-56C0-E2A6-4E90-ABD402287DE8}.Debug|Any CPU.ActiveCfg = Debug|Any CPU
		{A240F821-56C0-E2A6-4E90-ABD402287DE8}.Debug|Any CPU.Build.0 = Debug|Any CPU
		{A240F821-56C0-E2A6-4E90-ABD402287DE8}.Debug|x64.ActiveCfg = Debug|Any CPU
		{A240F821-56C0-E2A6-4E90-ABD402287DE8}.Debug|x64.Build.0 = Debug|Any CPU
		{A240F821-56C0-E2A6-4E90-ABD402287DE8}.Debug|x86.ActiveCfg = Debug|Any CPU
		{A240F821-56C0-E2A6-4E90-ABD402287DE8}.Debug|x86.Build.0 = Debug|Any CPU
		{A240F821-56C0-E2A6-4E90-ABD402287DE8}.Release|Any CPU.ActiveCfg = Release|Any CPU
		{A240F821-56C0-E2A6-4E90-ABD402287DE8}.Release|Any CPU.Build.0 = Release|Any CPU
		{A240F821-56C0-E2A6-4E90-ABD402287DE8}.Release|x64.ActiveCfg = Release|Any CPU
		{A240F821-56C0-E2A6-4E90-ABD402287DE8}.Release|x64.Build.0 = Release|Any CPU
		{A240F821-56C0-E2A6-4E90-ABD402287DE8}.Release|x86.ActiveCfg = Release|Any CPU
		{A240F821-56C0-E2A6-4E90-ABD402287DE8}.Release|x86.Build.0 = Release|Any CPU
		{4BD5BAB7-8F91-4FD0-B7DC-BA8F08A905F4}.Debug|Any CPU.ActiveCfg = Debug|Any CPU
		{4BD5BAB7-8F91-4FD0-B7DC-BA8F08A905F4}.Debug|Any CPU.Build.0 = Debug|Any CPU
		{4BD5BAB7-8F91-4FD0-B7DC-BA8F08A905F4}.Debug|x64.ActiveCfg = Debug|Any CPU
		{4BD5BAB7-8F91-4FD0-B7DC-BA8F08A905F4}.Debug|x64.Build.0 = Debug|Any CPU
		{4BD5BAB7-8F91-4FD0-B7DC-BA8F08A905F4}.Debug|x86.ActiveCfg = Debug|Any CPU
		{4BD5BAB7-8F91-4FD0-B7DC-BA8F08A905F4}.Debug|x86.Build.0 = Debug|Any CPU
		{4BD5BAB7-8F91-4FD0-B7DC-BA8F08A905F4}.Release|Any CPU.ActiveCfg = Release|Any CPU
		{4BD5BAB7-8F91-4FD0-B7DC-BA8F08A905F4}.Release|Any CPU.Build.0 = Release|Any CPU
		{4BD5BAB7-8F91-4FD0-B7DC-BA8F08A905F4}.Release|x64.ActiveCfg = Release|Any CPU
		{4BD5BAB7-8F91-4FD0-B7DC-BA8F08A905F4}.Release|x64.Build.0 = Release|Any CPU
		{4BD5BAB7-8F91-4FD0-B7DC-BA8F08A905F4}.Release|x86.ActiveCfg = Release|Any CPU
		{4BD5BAB7-8F91-4FD0-B7DC-BA8F08A905F4}.Release|x86.Build.0 = Release|Any CPU
	EndGlobalSection
	GlobalSection(SolutionProperties) = preSolution
		HideSolutionNode = FALSE
	EndGlobalSection
	GlobalSection(ExtensibilityGlobals) = postSolution
		SolutionGuid = {60ED91B8-368E-4273-B586-6D297A3B79B1}
	EndGlobalSection
EndGlobal
